
Microsoft Visual Studio Solution File, Format Version 12.00
# Visual Studio Version 16
VisualStudioVersion = 16.0.32630.194
MinimumVisualStudioVersion = 10.0.40219.1
Project("{FAE04EC0-301F-11D3-BF4B-00C04F79EFBC}") = "PowerOf2Program1", "PowerOf2Program1\PowerOf2Program1.csproj", "{AE1F4223-96E5-4024-A514-EB8F9F2FB7E9}"
EndProject
Global
	GlobalSection(SolutionConfigurationPlatforms) = preSolution
		Debug|Any CPU = Debug|Any CPU
		Release|Any CPU = Release|Any CPU
	EndGlobalSection
	GlobalSection(ProjectConfigurationPlatforms) = postSolution
		{AE1F4223-96E5-4024-A514-EB8F9F2FB7E9}.Debug|Any CPU.ActiveCfg = Debug|Any CPU
		{AE1F4223-96E5-4024-A514-EB8F9F2FB7E9}.Debug|Any CPU.Build.0 = Debug|Any CPU
		{AE1F4223-96E5-4024-A514-EB8F9F2FB7E9}.Release|Any CPU.ActiveCfg = Release|Any CPU
		{AE1F4223-96E5-4024-A514-EB8F9F2FB7E9}.Release|Any CPU.Build.0 = Release|Any CPU
	EndGlobalSection
	GlobalSection(SolutionProperties) = preSolution
		HideSolutionNode = FALSE
	EndGlobalSection
	GlobalSection(ExtensibilityGlobals) = postSolution
		SolutionGuid = {66F18DB7-DF0F-438E-A972-D75E6C567FFC}
	EndGlobalSection
EndGlobal
